// !$*UTF8*$!
{
	archiveVersion = 1;
	classes = {
	};
	objectVersion = 46;
	objects = {

/* Begin PBXBuildFile section */
		8BC45A271D9A5E6E00507E5D /* AppDelegate.swift in Sources */ = {isa = PBXBuildFile; fileRef = 8BC45A261D9A5E6E00507E5D /* AppDelegate.swift */; };
		8BC45A291D9A5E6E00507E5D /* ViewController.swift in Sources */ = {isa = PBXBuildFile; fileRef = 8BC45A281D9A5E6E00507E5D /* ViewController.swift */; };
		8BC45A2C1D9A5E6E00507E5D /* Main.storyboard in Resources */ = {isa = PBXBuildFile; fileRef = 8BC45A2A1D9A5E6E00507E5D /* Main.storyboard */; };
		8BC45A2F1D9A5E6E00507E5D /* VacationDestination.xcdatamodeld in Sources */ = {isa = PBXBuildFile; fileRef = 8BC45A2D1D9A5E6E00507E5D /* VacationDestination.xcdatamodeld */; };
		8BC45A311D9A5E6E00507E5D /* Assets.xcassets in Resources */ = {isa = PBXBuildFile; fileRef = 8BC45A301D9A5E6E00507E5D /* Assets.xcassets */; };
		8BC45A341D9A5E6E00507E5D /* LaunchScreen.storyboard in Resources */ = {isa = PBXBuildFile; fileRef = 8BC45A321D9A5E6E00507E5D /* LaunchScreen.storyboard */; };
/* End PBXBuildFile section */

/* Begin PBXFileReference section */
		8BC45A231D9A5E6E00507E5D /* VacationDestination.app */ = {isa = PBXFileReference; explicitFileType = wrapper.application; includeInIndex = 0; path = VacationDestination.app; sourceTree = BUILT_PRODUCTS_DIR; };
		8BC45A261D9A5E6E00507E5D /* AppDelegate.swift */ = {isa = PBXFileReference; lastKnownFileType = sourcecode.swift; path = AppDelegate.swift; sourceTree = "<group>"; };
		8BC45A281D9A5E6E00507E5D /* ViewController.swift */ = {isa = PBXFileReference; lastKnownFileType = sourcecode.swift; path = ViewController.swift; sourceTree = "<group>"; };
		8BC45A2B1D9A5E6E00507E5D /* Base */ = {isa = PBXFileReference; lastKnownFileType = file.storyboard; name = Base; path = Base.lproj/Main.storyboard; sourceTree = "<group>"; };
		8BC45A2E1D9A5E6E00507E5D /* VacationDestination.xcdatamodel */ = {isa = PBXFileReference; lastKnownFileType = wrapper.xcdatamodel; path = VacationDestination.xcdatamodel; sourceTree = "<group>"; };
		8BC45A301D9A5E6E00507E5D /* Assets.xcassets */ = {isa = PBXFileReference; lastKnownFileType = folder.assetcatalog; path = Assets.xcassets; sourceTree = "<group>"; };
		8BC45A331D9A5E6E00507E5D /* Base */ = {isa = PBXFileReference; lastKnownFileType = file.storyboard; name = Base; path = Base.lproj/LaunchScreen.storyboard; sourceTree = "<group>"; };
		8BC45A351D9A5E6E00507E5D /* Info.plist */ = {isa = PBXFileReference; lastKnownFileType = text.plist.xml; path = Info.plist; sourceTree = "<group>"; };
/* End PBXFileReference section */

/* Begin PBXFrameworksBuildPhase section */
		8BC45A201D9A5E6E00507E5D /* Frameworks */ = {
			isa = PBXFrameworksBuildPhase;
			buildActionMask = 2147483647;
			files = (
			);
			runOnlyForDeploymentPostprocessing = 0;
		};
/* End PBXFrameworksBuildPhase section */

/* Begin PBXGroup section */
		8BC45A1A1D9A5E6E00507E5D = {
			isa = PBXGroup;
			children = (
				8BC45A251D9A5E6E00507E5D /* VacationDestination */,
				8BC45A241D9A5E6E00507E5D /* Products */,
			);
			sourceTree = "<group>";
		};
		8BC45A241D9A5E6E00507E5D /* Products */ = {
			isa = PBXGroup;
			children = (
				8BC45A231D9A5E6E00507E5D /* VacationDestination.app */,
			);
			name = Products;
			sourceTree = "<group>";
		};
		8BC45A251D9A5E6E00507E5D /* VacationDestination */ = {
			isa = PBXGroup;
			children = (
				8BC45A261D9A5E6E00507E5D /* AppDelegate.swift */,
				8BC45A281D9A5E6E00507E5D /* ViewController.swift */,
				8BC45A2A1D9A5E6E00507E5D /* Main.storyboard */,
				8BC45A301D9A5E6E00507E5D /* Assets.xcassets */,
				8BC45A321D9A5E6E00507E5D /* LaunchScreen.storyboard */,
				8BC45A351D9A5E6E00507E5D /* Info.plist */,
				8BC45A2D1D9A5E6E00507E5D /* VacationDestination.xcdatamodeld */,
			);
			path = VacationDestination;
			sourceTree = "<group>";
		};
/* End PBXGroup section */

/* Begin PBXNativeTarget section */
		8BC45A221D9A5E6E00507E5D /* VacationDestination */ = {
			isa = PBXNativeTarget;
			buildConfigurationList = 8BC45A381D9A5E6E00507E5D /* Build configuration list for PBXNativeTarget "VacationDestination" */;
			buildPhases = (
				8BC45A1F1D9A5E6E00507E5D /* Sources */,
				8BC45A201D9A5E6E00507E5D /* Frameworks */,
				8BC45A211D9A5E6E00507E5D /* Resources */,
			);
			buildRules = (
			);
			dependencies = (
			);
			name = VacationDestination;
			productName = VacationDestination;
			productReference = 8BC45A231D9A5E6E00507E5D /* VacationDestination.app */;
			productType = "com.apple.product-type.application";
		};
/* End PBXNativeTarget section */

/* Begin PBXProject section */
		8BC45A1B1D9A5E6E00507E5D /* Project object */ = {
			isa = PBXProject;
			attributes = {
				LastSwiftUpdateCheck = 0730;
				LastUpgradeCheck = 0730;
				ORGANIZATIONNAME = "Amir Daliri";
				TargetAttributes = {
					8BC45A221D9A5E6E00507E5D = {
						CreatedOnToolsVersion = 7.3.1;
						DevelopmentTeam = NCU4JG2P77;
					};
				};
			};
			buildConfigurationList = 8BC45A1E1D9A5E6E00507E5D /* Build configuration list for PBXProject "VacationDestination" */;
			compatibilityVersion = "Xcode 3.2";
			developmentRegion = English;
			hasScannedForEncodings = 0;
			knownRegions = (
				en,
				Base,
			);
			mainGroup = 8BC45A1A1D9A5E6E00507E5D;
			productRefGroup = 8BC45A241D9A5E6E00507E5D /* Products */;
			projectDirPath = "";
			projectRoot = "";
			targets = (
				8BC45A221D9A5E6E00507E5D /* VacationDestination */,
			);
		};
/* End PBXProject section */

/* Begin PBXResourcesBuildPhase section */
		8BC45A211D9A5E6E00507E5D /* Resources */ = {
			isa = PBXResourcesBuildPhase;
			buildActionMask = 2147483647;
			files = (
				8BC45A341D9A5E6E00507E5D /* LaunchScreen.storyboard in Resources */,
				8BC45A311D9A5E6E00507E5D /* Assets.xcassets in Resources */,
				8BC45A2C1D9A5E6E00507E5D /* Main.storyboard in Resources */,
			);
			runOnlyForDeploymentPostprocessing = 0;
		};
/* End PBXResourcesBuildPhase section */

/* Begin PBXSourcesBuildPhase section */
		8BC45A1F1D9A5E6E00507E5D /* Sources */ = {
			isa = PBXSourcesBuildPhase;
			buildActionMask = 2147483647;
			files = (
				8BC45A291D9A5E6E00507E5D /* ViewController.swift in Sources */,
				8BC45A2F1D9A5E6E00507E5D /* VacationDestination.xcdatamodeld in Sources */,
				8BC45A271D9A5E6E00507E5D /* AppDelegate.swift in Sources */,
			);
			runOnlyForDeploymentPostprocessing = 0;
		};
/* End PBXSourcesBuildPhase section */

/* Begin PBXVariantGroup section */
		8BC45A2A1D9A5E6E00507E5D /* Main.storyboard */ = {
			isa = PBXVariantGroup;
			children = (
				8BC45A2B1D9A5E6E00507E5D /* Base */,
			);
			name = Main.storyboard;
			sourceTree = "<group>";
		};
		8BC45A321D9A5E6E00507E5D /* LaunchScreen.storyboard */ = {
			isa = PBXVariantGroup;
			children = (
				8BC45A331D9A5E6E00507E5D /* Base */,
			);
			name = LaunchScreen.storyboard;
			sourceTree = "<group>";
		};
/* End PBXVariantGroup section */

/* Begin XCBuildConfiguration section */
		8BC45A361D9A5E6E00507E5D /* Debug */ = {
			isa = XCBuildConfiguration;
			buildSettings = {
				ALWAYS_SEARCH_USER_PATHS = NO;
				CLANG_ANALYZER_NONNULL = YES;
				CLANG_CXX_LANGUAGE_STANDARD = "gnu++0x";
				CLANG_CXX_LIBRARY = "libc++";
				CLANG_ENABLE_MODULES = YES;
				CLANG_ENABLE_OBJC_ARC = YES;
				CLANG_WARN_BOOL_CONVERSION = YES;
				CLANG_WARN_CONSTANT_CONVERSION = YES;
				CLANG_WARN_DIRECT_OBJC_ISA_USAGE = YES_ERROR;
				CLANG_WARN_EMPTY_BODY = YES;
				CLANG_WARN_ENUM_CONVERSION = YES;
				CLANG_WARN_INT_CONVERSION = YES;
				CLANG_WARN_OBJC_ROOT_CLASS = YES_ERROR;
				CLANG_WARN_UNREACHABLE_CODE = YES;
				CLANG_WARN__DUPLICATE_METHOD_MATCH = YES;
				"CODE_SIGN_IDENTITY[sdk=iphoneos*]" = "iPhone Developer";
				COPY_PHASE_STRIP = NO;
				DEBUG_INFORMATION_FORMAT = dwarf;
				ENABLE_STRICT_OBJC_MSGSEND = YES;
				ENABLE_TESTABILITY = YES;
				GCC_C_LANGUAGE_STANDARD = gnu99;
				GCC_DYNAMIC_NO_PIC = NO;
				GCC_NO_COMMON_BLOCKS = YES;
				GCC_OPTIMIZATION_LEVEL = 0;
				GCC_PREPROCESSOR_DEFINITIONS = (
					"DEBUG=1",
					"$(inherited)",
				);
				GCC_WARN_64_TO_32_BIT_CONVERSION = YES;
				GCC_WARN_ABOUT_RETURN_TYPE = YES_ERROR;
				GCC_WARN_UNDECLARED_SELECTOR = YES;
				GCC_WARN_UNINITIALIZED_AUTOS = YES_AGGRESSIVE;
				GCC_WARN_UNUSED_FUNCTION = YES;
				GCC_WARN_UNUSED_VARIABLE = YES;
				IPHONEOS_DEPLOYMENT_TARGET = 9.3;
				MTL_ENABLE_DEBUG_INFO = YES;
				ONLY_ACTIVE_ARCH = YES;
				SDKROOT = iphoneos;
				SWIFT_OPTIMIZATION_LEVEL = "-Onone";
			};
			name = Debug;
		};
		8BC45A371D9A5E6E00507E5D /* Release */ = {
			isa = XCBuildConfiguration;
			buildSettings = {
				ALWAYS_SEARCH_USER_PATHS = NO;
				CLANG_ANALYZER_NONNULL = YES;
				CLANG_CXX_LANGUAGE_STANDARD = "gnu++0x";
				CLANG_CXX_LIBRARY = "libc++";
				CLANG_ENABLE_MODULES = YES;
				CLANG_ENABLE_OBJC_ARC = YES;
				CLANG_WARN_BOOL_CONVERSION = YES;
				CLANG_WARN_CONSTANT_CONVERSION = YES;
				CLANG_WARN_DIRECT_OBJC_ISA_USAGE = YES_ERROR;
				CLANG_WARN_EMPTY_BODY = YES;
				CLANG_WARN_ENUM_CONVERSION = YES;
				CLANG_WARN_INT_CONVERSION = YES;
				CLANG_WARN_OBJC_ROOT_CLASS = YES_ERROR;
				CLANG_WARN_UNREACHABLE_CODE = YES;
				CLANG_WARN__DUPLICATE_METHOD_MATCH = YES;
				"CODE_SIGN_IDENTITY[sdk=iphoneos*]" = "iPhone Developer";
				COPY_PHASE_STRIP = NO;
				DEBUG_INFORMATION_FORMAT = "dwarf-with-dsym";
				ENABLE_NS_ASSERTIONS = NO;
				ENABLE_STRICT_OBJC_MSGSEND = YES;
				GCC_C_LANGUAGE_STANDARD = gnu99;
				GCC_NO_COMMON_BLOCKS = YES;
				GCC_WARN_64_TO_32_BIT_CONVERSION = YES;
				GCC_WARN_ABOUT_RETURN_TYPE = YES_ERROR;
				GCC_WARN_UNDECLARED_SELECTOR = YES;
				GCC_WARN_UNINITIALIZED_AUTOS = YES_AGGRESSIVE;
				GCC_WARN_UNUSED_FUNCTION = YES;
				GCC_WARN_UNUSED_VARIABLE = YES;
				IPHONEOS_DEPLOYMENT_TARGET = 9.3;
				MTL_ENABLE_DEBUG_INFO = NO;
				SDKROOT = iphoneos;
				VALIDATE_PRODUCT = YES;
			};
			name = Release;
		};
		8BC45A391D9A5E6E00507E5D /* Debug */ = {
			isa = XCBuildConfiguration;
			buildSettings = {
				ASSETCATALOG_COMPILER_APPICON_NAME = AppIcon;
				INFOPLIST_FILE = VacationDestination/Info.plist;
				LD_RUNPATH_SEARCH_PATHS = "$(inherited) @executable_path/Frameworks";
				PRODUCT_BUNDLE_IDENTIFIER = com.amirdl.VacationDestination;
				PRODUCT_NAME = "$(TARGET_NAME)";
			};
			name = Debug;
		};
		8BC45A3A1D9A5E6E00507E5D /* Release */ = {
			isa = XCBuildConfiguration;
			buildSettings = {
				ASSETCATALOG_COMPILER_APPICON_NAME = AppIcon;
				INFOPLIST_FILE = VacationDestination/Info.plist;
				LD_RUNPATH_SEARCH_PATHS = "$(inherited) @executable_path/Frameworks";
				PRODUCT_BUNDLE_IDENTIFIER = com.amirdl.VacationDestination;
				PRODUCT_NAME = "$(TARGET_NAME)";
			};
			name = Release;
		};
/* End XCBuildConfiguration section */

/* Begin XCConfigurationList section */
		8BC45A1E1D9A5E6E00507E5D /* Build configuration list for PBXProject "VacationDestination" */ = {
			isa = XCConfigurationList;
			buildConfigurations = (
				8BC45A361D9A5E6E00507E5D /* Debug */,
				8BC45A371D9A5E6E00507E5D /* Release */,
			);
			defaultConfigurationIsVisible = 0;
			defaultConfigurationName = Release;
		};
		8BC45A381D9A5E6E00507E5D /* Build configuration list for PBXNativeTarget "VacationDestination" */ = {
			isa = XCConfigurationList;
			buildConfigurations = (
				8BC45A391D9A5E6E00507E5D /* Debug */,
				8BC45A3A1D9A5E6E00507E5D /* Release */,
			);
			defaultConfigurationIsVisible = 0;
		};
/* End XCConfigurationList section */

/* Begin XCVersionGroup section */
		8BC45A2D1D9A5E6E00507E5D /* VacationDestination.xcdatamodeld */ = {
			isa = XCVersionGroup;
			children = (
				8BC45A2E1D9A5E6E00507E5D /* VacationDestination.xcdatamodel */,
			);
			currentVersion = 8BC45A2E1D9A5E6E00507E5D /* VacationDestination.xcdatamodel */;
			path = VacationDestination.xcdatamodeld;
			sourceTree = "<group>";
			versionGroupType = wrapper.xcdatamodel;
		};
/* End XCVersionGroup section */
	};
	rootObject = 8BC45A1B1D9A5E6E00507E5D /* Project object */;
}
